<?xml version="1.0" encoding="utf-8"?>
<Project ToolsVersion="4.0" xmlns="http://schemas.microsoft.com/developer/msbuild/2003">
  <ItemGroup>
    <Filter Include="Resource Files">
      <UniqueIdentifier>{67DA6AB6-F800-4c08-8B7A-83BB121AAD01}</UniqueIdentifier>
      <Extensions>rc;ico;cur;bmp;dlg;rc2;rct;bin;rgs;gif;jpg;jpeg;jpe;resx;tiff;tif;png;wav;mfcribbon-ms</Extensions>
    </Filter>
    <Filter Include="SudokuSolver">
      <UniqueIdentifier>{64e3a490-e8d6-41af-bb0c-d1a6d5aa6dae}</UniqueIdentifier>
    </Filter>
    <Filter Include="ImageProcessing">
      <UniqueIdentifier>{b966c25e-fbe8-408b-a046-84c24787f029}</UniqueIdentifier>
    </Filter>
    <Filter Include="Source Files">
      <UniqueIdentifier>{4FC737F1-C7A5-4376-A066-2A32D752A2FF}</UniqueIdentifier>
      <Extensions>cpp;c;cc;cxx;def;odl;idl;hpj;bat;asm;asmx</Extensions>
    </Filter>
    <Filter Include="Header Files">
      <UniqueIdentifier>{93995380-89BD-4b04-88EB-625FBE52EBFB}</UniqueIdentifier>
      <Extensions>h;hh;hpp;hxx;hm;inl;inc;xsd</Extensions>
    </Filter>
  </ItemGroup>
  <ItemGroup>
    <ClInclude Include="stdafx.h">
      <Filter>Header Files</Filter>
    </ClInclude>
    <ClInclude Include="targetver.h">
      <Filter>Header Files</Filter>
    </ClInclude>
    <ClInclude Include="ImageSudokuSolver.h">
      <Filter>SudokuSolver</Filter>
    </ClInclude>
    <ClInclude Include="SudokuSolver.h">
      <Filter>SudokuSolver</Filter>
    </ClInclude>
    <ClInclude Include="TextSudokuSolver.h">
      <Filter>SudokuSolver</Filter>
    </ClInclude>
    <ClInclude Include="ImageProcessing.h">
      <Filter>ImageProcessing</Filter>
    </ClInclude>
    <ClInclude Include="Main.h">
      <Filter>Header Files</Filter>
    </ClInclude>
    <ClInclude Include="Sudoku.h">
      <Filter>Header Files</Filter>
    </ClInclude>
    <ClInclude Include="AssertionHelper.h">
      <Filter>Header Files</Filter>
    </ClInclude>
    <ClInclude Include="FileOperations.h">
      <Filter>Header Files</Filter>
    </ClInclude>
  </ItemGroup>
  <ItemGroup>
    <ClCompile Include="stdafx.cpp">
      <Filter>Source Files</Filter>
    </ClCompile>
    <ClCompile Include="ImageSudokuSolver.cpp">
      <Filter>SudokuSolver</Filter>
    </ClCompile>
    <ClCompile Include="SudokuSolver.cpp">
      <Filter>SudokuSolver</Filter>
    </ClCompile>
    <ClCompile Include="TextSudokuSolver.cpp">
      <Filter>SudokuSolver</Filter>
    </ClCompile>
    <ClCompile Include="ImageProcessing.cpp">
      <Filter>ImageProcessing</Filter>
    </ClCompile>
    <ClCompile Include="Main.cpp">
      <Filter>Source Files</Filter>
    </ClCompile>
  </ItemGroup>
</Project>